
Microsoft Visual Studio Solution File, Format Version 12.00
# Visual Studio 15
VisualStudioVersion = 15.0.27130.2024
MinimumVisualStudioVersion = 10.0.40219.1
Project("{FAE04EC0-301F-11D3-BF4B-00C04F79EFBC}") = "Lecture3HomeWork", "Lecture3HomeWork\Lecture3HomeWork.csproj", "{40D4C1C3-E6EA-4C1D-B0F3-90ADEC31DB92}"
EndProject
Project("{FAE04EC0-301F-11D3-BF4B-00C04F79EFBC}") = "Lecture3HomeWorkTask5", "Lecture3HomeWorkTask5\Lecture3HomeWorkTask5.csproj", "{F4360D33-775A-4383-919C-916A70F5411B}"
EndProject
Global
	GlobalSection(SolutionConfigurationPlatforms) = preSolution
		Debug|Any CPU = Debug|Any CPU
		Release|Any CPU = Release|Any CPU
	EndGlobalSection
	GlobalSection(ProjectConfigurationPlatforms) = postSolution
		{40D4C1C3-E6EA-4C1D-B0F3-90ADEC31DB92}.Debug|Any CPU.ActiveCfg = Debug|Any CPU
		{40D4C1C3-E6EA-4C1D-B0F3-90ADEC31DB92}.Debug|Any CPU.Build.0 = Debug|Any CPU
		{40D4C1C3-E6EA-4C1D-B0F3-90ADEC31DB92}.Release|Any CPU.ActiveCfg = Release|Any CPU
		{40D4C1C3-E6EA-4C1D-B0F3-90ADEC31DB92}.Release|Any CPU.Build.0 = Release|Any CPU
		{F4360D33-775A-4383-919C-916A70F5411B}.Debug|Any CPU.ActiveCfg = Debug|Any CPU
		{F4360D33-775A-4383-919C-916A70F5411B}.Debug|Any CPU.Build.0 = Debug|Any CPU
		{F4360D33-775A-4383-919C-916A70F5411B}.Release|Any CPU.ActiveCfg = Release|Any CPU
		{F4360D33-775A-4383-919C-916A70F5411B}.Release|Any CPU.Build.0 = Release|Any CPU
	EndGlobalSection
	GlobalSection(SolutionProperties) = preSolution
		HideSolutionNode = FALSE
	EndGlobalSection
	GlobalSection(ExtensibilityGlobals) = postSolution
		SolutionGuid = {500E7921-A85C-4B3E-B113-FB7781B9C117}
	EndGlobalSection
EndGlobal
